// !$*UTF8*$!
{
	archiveVersion = 1;
	classes = {
	};
	objectVersion = 51;
	objects = {

/* Begin PBXBuildFile section */
		5213C59522D6A602002E4882 /* RealmHelper.swift in Sources */ = {isa = PBXBuildFile; fileRef = 5213C59422D6A602002E4882 /* RealmHelper.swift */; };
		52638AD922D3F3D0004B4ACC /* NasaItemTableCell.swift in Sources */ = {isa = PBXBuildFile; fileRef = 52638AD722D3F3D0004B4ACC /* NasaItemTableCell.swift */; };
		52638ADA22D3F3D0004B4ACC /* NasaItemTableCell.xib in Resources */ = {isa = PBXBuildFile; fileRef = 52638AD822D3F3D0004B4ACC /* NasaItemTableCell.xib */; };
		52AC551022D3F03500BFD290 /* AppDelegate.swift in Sources */ = {isa = PBXBuildFile; fileRef = 52AC550F22D3F03500BFD290 /* AppDelegate.swift */; };
		52AC551222D3F03500BFD290 /* NasaItemsController.swift in Sources */ = {isa = PBXBuildFile; fileRef = 52AC551122D3F03500BFD290 /* NasaItemsController.swift */; };
		52AC551522D3F03500BFD290 /* Main.storyboard in Resources */ = {isa = PBXBuildFile; fileRef = 52AC551322D3F03500BFD290 /* Main.storyboard */; };
		52AC551722D3F03700BFD290 /* Assets.xcassets in Resources */ = {isa = PBXBuildFile; fileRef = 52AC551622D3F03700BFD290 /* Assets.xcassets */; };
		52AC551A22D3F03700BFD290 /* LaunchScreen.storyboard in Resources */ = {isa = PBXBuildFile; fileRef = 52AC551822D3F03700BFD290 /* LaunchScreen.storyboard */; };
		52AC552222D3F1BE00BFD290 /* NasaItemDetailsController.swift in Sources */ = {isa = PBXBuildFile; fileRef = 52AC552122D3F1BE00BFD290 /* NasaItemDetailsController.swift */; };
		52AC552422D3F1FB00BFD290 /* NasaItem.swift in Sources */ = {isa = PBXBuildFile; fileRef = 52AC552322D3F1FB00BFD290 /* NasaItem.swift */; };
		8DE9FF38733FE69FD2695EEE /* Pods_UP.framework in Frameworks */ = {isa = PBXBuildFile; fileRef = FE47E5FDC521CF350FBB4D42 /* Pods_UP.framework */; };
/* End PBXBuildFile section */

/* Begin PBXFileReference section */
		2666507968EF34AC9639DD86 /* Pods-UP.release.xcconfig */ = {isa = PBXFileReference; includeInIndex = 1; lastKnownFileType = text.xcconfig; name = "Pods-UP.release.xcconfig"; path = "Target Support Files/Pods-UP/Pods-UP.release.xcconfig"; sourceTree = "<group>"; };
		5213C59422D6A602002E4882 /* RealmHelper.swift */ = {isa = PBXFileReference; lastKnownFileType = sourcecode.swift; path = RealmHelper.swift; sourceTree = "<group>"; };
		52638AD722D3F3D0004B4ACC /* NasaItemTableCell.swift */ = {isa = PBXFileReference; lastKnownFileType = sourcecode.swift; path = NasaItemTableCell.swift; sourceTree = "<group>"; };
		52638AD822D3F3D0004B4ACC /* NasaItemTableCell.xib */ = {isa = PBXFileReference; lastKnownFileType = file.xib; path = NasaItemTableCell.xib; sourceTree = "<group>"; };
		52AC550C22D3F03500BFD290 /* NASA.app */ = {isa = PBXFileReference; explicitFileType = wrapper.application; includeInIndex = 0; path = NASA.app; sourceTree = BUILT_PRODUCTS_DIR; };
		52AC550F22D3F03500BFD290 /* AppDelegate.swift */ = {isa = PBXFileReference; lastKnownFileType = sourcecode.swift; path = AppDelegate.swift; sourceTree = "<group>"; };
		52AC551122D3F03500BFD290 /* NasaItemsController.swift */ = {isa = PBXFileReference; lastKnownFileType = sourcecode.swift; path = NasaItemsController.swift; sourceTree = "<group>"; };
		52AC551422D3F03500BFD290 /* Base */ = {isa = PBXFileReference; lastKnownFileType = file.storyboard; name = Base; path = Base.lproj/Main.storyboard; sourceTree = "<group>"; };
		52AC551622D3F03700BFD290 /* Assets.xcassets */ = {isa = PBXFileReference; lastKnownFileType = folder.assetcatalog; path = Assets.xcassets; sourceTree = "<group>"; };
		52AC551922D3F03700BFD290 /* Base */ = {isa = PBXFileReference; lastKnownFileType = file.storyboard; name = Base; path = Base.lproj/LaunchScreen.storyboard; sourceTree = "<group>"; };
		52AC551B22D3F03700BFD290 /* Info.plist */ = {isa = PBXFileReference; lastKnownFileType = text.plist.xml; path = Info.plist; sourceTree = "<group>"; };
		52AC552122D3F1BE00BFD290 /* NasaItemDetailsController.swift */ = {isa = PBXFileReference; lastKnownFileType = sourcecode.swift; path = NasaItemDetailsController.swift; sourceTree = "<group>"; };
		52AC552322D3F1FB00BFD290 /* NasaItem.swift */ = {isa = PBXFileReference; lastKnownFileType = sourcecode.swift; path = NasaItem.swift; sourceTree = "<group>"; };
		5A082A9CC3834C7D1AD5D0B1 /* Pods-UP.debug.xcconfig */ = {isa = PBXFileReference; includeInIndex = 1; lastKnownFileType = text.xcconfig; name = "Pods-UP.debug.xcconfig"; path = "Target Support Files/Pods-UP/Pods-UP.debug.xcconfig"; sourceTree = "<group>"; };
		FE47E5FDC521CF350FBB4D42 /* Pods_UP.framework */ = {isa = PBXFileReference; explicitFileType = wrapper.framework; includeInIndex = 0; path = Pods_UP.framework; sourceTree = BUILT_PRODUCTS_DIR; };
/* End PBXFileReference section */

/* Begin PBXFrameworksBuildPhase section */
		52AC550922D3F03500BFD290 /* Frameworks */ = {
			isa = PBXFrameworksBuildPhase;
			buildActionMask = 2147483647;
			files = (
				8DE9FF38733FE69FD2695EEE /* Pods_UP.framework in Frameworks */,
			);
			runOnlyForDeploymentPostprocessing = 0;
		};
/* End PBXFrameworksBuildPhase section */

/* Begin PBXGroup section */
		52AC550322D3F03500BFD290 = {
			isa = PBXGroup;
			children = (
				52AC550E22D3F03500BFD290 /* UP */,
				52AC550D22D3F03500BFD290 /* Products */,
				7E04E8BCCD889CF5DEDEB51D /* Pods */,
				A83CF571FAF2CF587336D02D /* Frameworks */,
			);
			sourceTree = "<group>";
		};
		52AC550D22D3F03500BFD290 /* Products */ = {
			isa = PBXGroup;
			children = (
				52AC550C22D3F03500BFD290 /* NASA.app */,
			);
			name = Products;
			sourceTree = "<group>";
		};
		52AC550E22D3F03500BFD290 /* UP */ = {
			isa = PBXGroup;
			children = (
				52AC550F22D3F03500BFD290 /* AppDelegate.swift */,
				52AC551122D3F03500BFD290 /* NasaItemsController.swift */,
				52AC552122D3F1BE00BFD290 /* NasaItemDetailsController.swift */,
				52AC551322D3F03500BFD290 /* Main.storyboard */,
				52AC551622D3F03700BFD290 /* Assets.xcassets */,
				52AC551822D3F03700BFD290 /* LaunchScreen.storyboard */,
				52AC551B22D3F03700BFD290 /* Info.plist */,
				52AC552322D3F1FB00BFD290 /* NasaItem.swift */,
				52638AD722D3F3D0004B4ACC /* NasaItemTableCell.swift */,
				52638AD822D3F3D0004B4ACC /* NasaItemTableCell.xib */,
				5213C59422D6A602002E4882 /* RealmHelper.swift */,
			);
			path = UP;
			sourceTree = "<group>";
		};
		7E04E8BCCD889CF5DEDEB51D /* Pods */ = {
			isa = PBXGroup;
			children = (
				5A082A9CC3834C7D1AD5D0B1 /* Pods-UP.debug.xcconfig */,
				2666507968EF34AC9639DD86 /* Pods-UP.release.xcconfig */,
			);
			path = Pods;
			sourceTree = "<group>";
		};
		A83CF571FAF2CF587336D02D /* Frameworks */ = {
			isa = PBXGroup;
			children = (
				FE47E5FDC521CF350FBB4D42 /* Pods_UP.framework */,
			);
			name = Frameworks;
			sourceTree = "<group>";
		};
/* End PBXGroup section */

/* Begin PBXNativeTarget section */
		52AC550B22D3F03500BFD290 /* UP */ = {
			isa = PBXNativeTarget;
			buildConfigurationList = 52AC551E22D3F03700BFD290 /* Build configuration list for PBXNativeTarget "UP" */;
			buildPhases = (
				4A126986DC7623E855DF781B /* [CP] Check Pods Manifest.lock */,
				52AC550822D3F03500BFD290 /* Sources */,
				52AC550922D3F03500BFD290 /* Frameworks */,
				52AC550A22D3F03500BFD290 /* Resources */,
				6A2FE1E43F9B0FD72C96A61A /* [CP] Embed Pods Frameworks */,
			);
			buildRules = (
			);
			dependencies = (
			);
			name = UP;
			productName = UP;
			productReference = 52AC550C22D3F03500BFD290 /* NASA.app */;
			productType = "com.apple.product-type.application";
		};
/* End PBXNativeTarget section */

/* Begin PBXProject section */
		52AC550422D3F03500BFD290 /* Project object */ = {
			isa = PBXProject;
			attributes = {
				LastSwiftUpdateCheck = 1020;
				LastUpgradeCheck = 1020;
				ORGANIZATIONNAME = Test;
				TargetAttributes = {
					52AC550B22D3F03500BFD290 = {
						CreatedOnToolsVersion = 10.2.1;
					};
				};
			};
			buildConfigurationList = 52AC550722D3F03500BFD290 /* Build configuration list for PBXProject "UP" */;
			compatibilityVersion = "Xcode 9.3";
			developmentRegion = en;
			hasScannedForEncodings = 0;
			knownRegions = (
				en,
				Base,
			);
			mainGroup = 52AC550322D3F03500BFD290;
			productRefGroup = 52AC550D22D3F03500BFD290 /* Products */;
			projectDirPath = "";
			projectRoot = "";
			targets = (
				52AC550B22D3F03500BFD290 /* UP */,
			);
		};
/* End PBXProject section */

/* Begin PBXResourcesBuildPhase section */
		52AC550A22D3F03500BFD290 /* Resources */ = {
			isa = PBXResourcesBuildPhase;
			buildActionMask = 2147483647;
			files = (
				52638ADA22D3F3D0004B4ACC /* NasaItemTableCell.xib in Resources */,
				52AC551A22D3F03700BFD290 /* LaunchScreen.storyboard in Resources */,
				52AC551722D3F03700BFD290 /* Assets.xcassets in Resources */,
				52AC551522D3F03500BFD290 /* Main.storyboard in Resources */,
			);
			runOnlyForDeploymentPostprocessing = 0;
		};
/* End PBXResourcesBuildPhase section */

/* Begin PBXShellScriptBuildPhase section */
		4A126986DC7623E855DF781B /* [CP] Check Pods Manifest.lock */ = {
			isa = PBXShellScriptBuildPhase;
			buildActionMask = 2147483647;
			files = (
			);
			inputFileListPaths = (
			);
			inputPaths = (
				"${PODS_PODFILE_DIR_PATH}/Podfile.lock",
				"${PODS_ROOT}/Manifest.lock",
			);
			name = "[CP] Check Pods Manifest.lock";
			outputFileListPaths = (
			);
			outputPaths = (
				"$(DERIVED_FILE_DIR)/Pods-UP-checkManifestLockResult.txt",
			);
			runOnlyForDeploymentPostprocessing = 0;
			shellPath = /bin/sh;
			shellScript = "diff \"${PODS_PODFILE_DIR_PATH}/Podfile.lock\" \"${PODS_ROOT}/Manifest.lock\" > /dev/null\nif [ $? != 0 ] ; then\n    # print error to STDERR\n    echo \"error: The sandbox is not in sync with the Podfile.lock. Run 'pod install' or update your CocoaPods installation.\" >&2\n    exit 1\nfi\n# This output is used by Xcode 'outputs' to avoid re-running this script phase.\necho \"SUCCESS\" > \"${SCRIPT_OUTPUT_FILE_0}\"\n";
			showEnvVarsInLog = 0;
		};
		6A2FE1E43F9B0FD72C96A61A /* [CP] Embed Pods Frameworks */ = {
			isa = PBXShellScriptBuildPhase;
			buildActionMask = 2147483647;
			files = (
			);
			inputFileListPaths = (
				"${PODS_ROOT}/Target Support Files/Pods-UP/Pods-UP-frameworks-${CONFIGURATION}-input-files.xcfilelist",
			);
			name = "[CP] Embed Pods Frameworks";
			outputFileListPaths = (
				"${PODS_ROOT}/Target Support Files/Pods-UP/Pods-UP-frameworks-${CONFIGURATION}-output-files.xcfilelist",
			);
			runOnlyForDeploymentPostprocessing = 0;
			shellPath = /bin/sh;
			shellScript = "\"${PODS_ROOT}/Target Support Files/Pods-UP/Pods-UP-frameworks.sh\"\n";
			showEnvVarsInLog = 0;
		};
/* End PBXShellScriptBuildPhase section */

/* Begin PBXSourcesBuildPhase section */
		52AC550822D3F03500BFD290 /* Sources */ = {
			isa = PBXSourcesBuildPhase;
			buildActionMask = 2147483647;
			files = (
				52AC552422D3F1FB00BFD290 /* NasaItem.swift in Sources */,
				5213C59522D6A602002E4882 /* RealmHelper.swift in Sources */,
				52AC551222D3F03500BFD290 /* NasaItemsController.swift in Sources */,
				52638AD922D3F3D0004B4ACC /* NasaItemTableCell.swift in Sources */,
				52AC551022D3F03500BFD290 /* AppDelegate.swift in Sources */,
				52AC552222D3F1BE00BFD290 /* NasaItemDetailsController.swift in Sources */,
			);
			runOnlyForDeploymentPostprocessing = 0;
		};
/* End PBXSourcesBuildPhase section */

/* Begin PBXVariantGroup section */
		52AC551322D3F03500BFD290 /* Main.storyboard */ = {
			isa = PBXVariantGroup;
			children = (
				52AC551422D3F03500BFD290 /* Base */,
			);
			name = Main.storyboard;
			sourceTree = "<group>";
		};
		52AC551822D3F03700BFD290 /* LaunchScreen.storyboard */ = {
			isa = PBXVariantGroup;
			children = (
				52AC551922D3F03700BFD290 /* Base */,
			);
			name = LaunchScreen.storyboard;
			sourceTree = "<group>";
		};
/* End PBXVariantGroup section */

/* Begin XCBuildConfiguration section */
		52AC551C22D3F03700BFD290 /* Debug */ = {
			isa = XCBuildConfiguration;
			buildSettings = {
				ALWAYS_SEARCH_USER_PATHS = NO;
				CLANG_ANALYZER_NONNULL = YES;
				CLANG_ANALYZER_NUMBER_OBJECT_CONVERSION = YES_AGGRESSIVE;
				CLANG_CXX_LANGUAGE_STANDARD = "gnu++14";
				CLANG_CXX_LIBRARY = "libc++";
				CLANG_ENABLE_MODULES = YES;
				CLANG_ENABLE_OBJC_ARC = YES;
				CLANG_ENABLE_OBJC_WEAK = YES;
				CLANG_WARN_BLOCK_CAPTURE_AUTORELEASING = YES;
				CLANG_WARN_BOOL_CONVERSION = YES;
				CLANG_WARN_COMMA = YES;
				CLANG_WARN_CONSTANT_CONVERSION = YES;
				CLANG_WARN_DEPRECATED_OBJC_IMPLEMENTATIONS = YES;
				CLANG_WARN_DIRECT_OBJC_ISA_USAGE = YES_ERROR;
				CLANG_WARN_DOCUMENTATION_COMMENTS = YES;
				CLANG_WARN_EMPTY_BODY = YES;
				CLANG_WARN_ENUM_CONVERSION = YES;
				CLANG_WARN_INFINITE_RECURSION = YES;
				CLANG_WARN_INT_CONVERSION = YES;
				CLANG_WARN_NON_LITERAL_NULL_CONVERSION = YES;
				CLANG_WARN_OBJC_IMPLICIT_RETAIN_SELF = YES;
				CLANG_WARN_OBJC_LITERAL_CONVERSION = YES;
				CLANG_WARN_OBJC_ROOT_CLASS = YES_ERROR;
				CLANG_WARN_RANGE_LOOP_ANALYSIS = YES;
				CLANG_WARN_STRICT_PROTOTYPES = YES;
				CLANG_WARN_SUSPICIOUS_MOVE = YES;
				CLANG_WARN_UNGUARDED_AVAILABILITY = YES_AGGRESSIVE;
				CLANG_WARN_UNREACHABLE_CODE = YES;
				CLANG_WARN__DUPLICATE_METHOD_MATCH = YES;
				CODE_SIGN_IDENTITY = "iPhone Developer";
				COPY_PHASE_STRIP = NO;
				DEBUG_INFORMATION_FORMAT = dwarf;
				ENABLE_STRICT_OBJC_MSGSEND = YES;
				ENABLE_TESTABILITY = YES;
				GCC_C_LANGUAGE_STANDARD = gnu11;
				GCC_DYNAMIC_NO_PIC = NO;
				GCC_NO_COMMON_BLOCKS = YES;
				GCC_OPTIMIZATION_LEVEL = 0;
				GCC_PREPROCESSOR_DEFINITIONS = (
					"DEBUG=1",
					"$(inherited)",
				);
				GCC_WARN_64_TO_32_BIT_CONVERSION = YES;
				GCC_WARN_ABOUT_RETURN_TYPE = YES_ERROR;
				GCC_WARN_UNDECLARED_SELECTOR = YES;
				GCC_WARN_UNINITIALIZED_AUTOS = YES_AGGRESSIVE;
				GCC_WARN_UNUSED_FUNCTION = YES;
				GCC_WARN_UNUSED_VARIABLE = YES;
				IPHONEOS_DEPLOYMENT_TARGET = 12.2;
				MTL_ENABLE_DEBUG_INFO = INCLUDE_SOURCE;
				MTL_FAST_MATH = YES;
				ONLY_ACTIVE_ARCH = YES;
				SDKROOT = iphoneos;
				SWIFT_ACTIVE_COMPILATION_CONDITIONS = DEBUG;
				SWIFT_OPTIMIZATION_LEVEL = "-Onone";
			};
			name = Debug;
		};
		52AC551D22D3F03700BFD290 /* Release */ = {
			isa = XCBuildConfiguration;
			buildSettings = {
				ALWAYS_SEARCH_USER_PATHS = NO;
				CLANG_ANALYZER_NONNULL = YES;
				CLANG_ANALYZER_NUMBER_OBJECT_CONVERSION = YES_AGGRESSIVE;
				CLANG_CXX_LANGUAGE_STANDARD = "gnu++14";
				CLANG_CXX_LIBRARY = "libc++";
				CLANG_ENABLE_MODULES = YES;
				CLANG_ENABLE_OBJC_ARC = YES;
				CLANG_ENABLE_OBJC_WEAK = YES;
				CLANG_WARN_BLOCK_CAPTURE_AUTORELEASING = YES;
				CLANG_WARN_BOOL_CONVERSION = YES;
				CLANG_WARN_COMMA = YES;
				CLANG_WARN_CONSTANT_CONVERSION = YES;
				CLANG_WARN_DEPRECATED_OBJC_IMPLEMENTATIONS = YES;
				CLANG_WARN_DIRECT_OBJC_ISA_USAGE = YES_ERROR;
				CLANG_WARN_DOCUMENTATION_COMMENTS = YES;
				CLANG_WARN_EMPTY_BODY = YES;
				CLANG_WARN_ENUM_CONVERSION = YES;
				CLANG_WARN_INFINITE_RECURSION = YES;
				CLANG_WARN_INT_CONVERSION = YES;
				CLANG_WARN_NON_LITERAL_NULL_CONVERSION = YES;
				CLANG_WARN_OBJC_IMPLICIT_RETAIN_SELF = YES;
				CLANG_WARN_OBJC_LITERAL_CONVERSION = YES;
				CLANG_WARN_OBJC_ROOT_CLASS = YES_ERROR;
				CLANG_WARN_RANGE_LOOP_ANALYSIS = YES;
				CLANG_WARN_STRICT_PROTOTYPES = YES;
				CLANG_WARN_SUSPICIOUS_MOVE = YES;
				CLANG_WARN_UNGUARDED_AVAILABILITY = YES_AGGRESSIVE;
				CLANG_WARN_UNREACHABLE_CODE = YES;
				CLANG_WARN__DUPLICATE_METHOD_MATCH = YES;
				CODE_SIGN_IDENTITY = "iPhone Developer";
				COPY_PHASE_STRIP = NO;
				DEBUG_INFORMATION_FORMAT = "dwarf-with-dsym";
				ENABLE_NS_ASSERTIONS = NO;
				ENABLE_STRICT_OBJC_MSGSEND = YES;
				GCC_C_LANGUAGE_STANDARD = gnu11;
				GCC_NO_COMMON_BLOCKS = YES;
				GCC_WARN_64_TO_32_BIT_CONVERSION = YES;
				GCC_WARN_ABOUT_RETURN_TYPE = YES_ERROR;
				GCC_WARN_UNDECLARED_SELECTOR = YES;
				GCC_WARN_UNINITIALIZED_AUTOS = YES_AGGRESSIVE;
				GCC_WARN_UNUSED_FUNCTION = YES;
				GCC_WARN_UNUSED_VARIABLE = YES;
				IPHONEOS_DEPLOYMENT_TARGET = 12.2;
				MTL_ENABLE_DEBUG_INFO = NO;
				MTL_FAST_MATH = YES;
				SDKROOT = iphoneos;
				SWIFT_COMPILATION_MODE = wholemodule;
				SWIFT_OPTIMIZATION_LEVEL = "-O";
				VALIDATE_PRODUCT = YES;
			};
			name = Release;
		};
		52AC551F22D3F03700BFD290 /* Debug */ = {
			isa = XCBuildConfiguration;
			baseConfigurationReference = 5A082A9CC3834C7D1AD5D0B1 /* Pods-UP.debug.xcconfig */;
			buildSettings = {
				ASSETCATALOG_COMPILER_APPICON_NAME = AppIcon;
				CODE_SIGN_STYLE = Automatic;
				DEVELOPMENT_TEAM = 89G4S5ZRQ6;
				INFOPLIST_FILE = UP/Info.plist;
				IPHONEOS_DEPLOYMENT_TARGET = 10.0;
				LD_RUNPATH_SEARCH_PATHS = (
					"$(inherited)",
					"@executable_path/Frameworks",
				);
				PRODUCT_BUNDLE_IDENTIFIER = ios.programi.nasa;
				PRODUCT_NAME = NASA;
				SWIFT_VERSION = 5.0;
				TARGETED_DEVICE_FAMILY = "1,2";
			};
			name = Debug;
		};
		52AC552022D3F03700BFD290 /* Release */ = {
			isa = XCBuildConfiguration;
			baseConfigurationReference = 2666507968EF34AC9639DD86 /* Pods-UP.release.xcconfig */;
			buildSettings = {
				ASSETCATALOG_COMPILER_APPICON_NAME = AppIcon;
				CODE_SIGN_STYLE = Automatic;
				DEVELOPMENT_TEAM = 89G4S5ZRQ6;
				INFOPLIST_FILE = UP/Info.plist;
				IPHONEOS_DEPLOYMENT_TARGET = 10.0;
				LD_RUNPATH_SEARCH_PATHS = (
					"$(inherited)",
					"@executable_path/Frameworks",
				);
				PRODUCT_BUNDLE_IDENTIFIER = ios.programi.nasa;
				PRODUCT_NAME = NASA;
				SWIFT_VERSION = 5.0;
				TARGETED_DEVICE_FAMILY = "1,2";
			};
			name = Release;
		};
/* End XCBuildConfiguration section */

/* Begin XCConfigurationList section */
		52AC550722D3F03500BFD290 /* Build configuration list for PBXProject "UP" */ = {
			isa = XCConfigurationList;
			buildConfigurations = (
				52AC551C22D3F03700BFD290 /* Debug */,
				52AC551D22D3F03700BFD290 /* Release */,
			);
			defaultConfigurationIsVisible = 0;
			defaultConfigurationName = Release;
		};
		52AC551E22D3F03700BFD290 /* Build configuration list for PBXNativeTarget "UP" */ = {
			isa = XCConfigurationList;
			buildConfigurations = (
				52AC551F22D3F03700BFD290 /* Debug */,
				52AC552022D3F03700BFD290 /* Release */,
			);
			defaultConfigurationIsVisible = 0;
			defaultConfigurationName = Release;
		};
/* End XCConfigurationList section */
	};
	rootObject = 52AC550422D3F03500BFD290 /* Project object */;
}
